
Microsoft Visual Studio Solution File, Format Version 12.00
# Visual Studio Version 16
VisualStudioVersion = 16.0.31424.327
MinimumVisualStudioVersion = 10.0.40219.1
Project("{9A19103F-16F7-4668-BE54-9A1E7A4F7556}") = "Zoo", "Zoo.csproj", "{EAC09F9D-7A29-4D90-80D3-9470C7D1C969}"
EndProject
Project("{FAE04EC0-301F-11D3-BF4B-00C04F79EFBC}") = "TestProject1", "..\TestProject1\TestProject1.csproj", "{6B31361C-EF92-4860-9D1C-5257E48C1E3E}"
EndProject
Global
	GlobalSection(SolutionConfigurationPlatforms) = preSolution
		Debug|Any CPU = Debug|Any CPU
		Release|Any CPU = Release|Any CPU
	EndGlobalSection
	GlobalSection(ProjectConfigurationPlatforms) = postSolution
		{EAC09F9D-7A29-4D90-80D3-9470C7D1C969}.Debug|Any CPU.ActiveCfg = Debug|Any CPU
		{EAC09F9D-7A29-4D90-80D3-9470C7D1C969}.Debug|Any CPU.Build.0 = Debug|Any CPU
		{EAC09F9D-7A29-4D90-80D3-9470C7D1C969}.Release|Any CPU.ActiveCfg = Release|Any CPU
		{EAC09F9D-7A29-4D90-80D3-9470C7D1C969}.Release|Any CPU.Build.0 = Release|Any CPU
		{6B31361C-EF92-4860-9D1C-5257E48C1E3E}.Debug|Any CPU.ActiveCfg = Debug|Any CPU
		{6B31361C-EF92-4860-9D1C-5257E48C1E3E}.Debug|Any CPU.Build.0 = Debug|Any CPU
		{6B31361C-EF92-4860-9D1C-5257E48C1E3E}.Release|Any CPU.ActiveCfg = Release|Any CPU
		{6B31361C-EF92-4860-9D1C-5257E48C1E3E}.Release|Any CPU.Build.0 = Release|Any CPU
	EndGlobalSection
	GlobalSection(SolutionProperties) = preSolution
		HideSolutionNode = FALSE
	EndGlobalSection
	GlobalSection(ExtensibilityGlobals) = postSolution
		SolutionGuid = {111C7BF8-169F-4234-A7C2-A1C439A6E7D2}
	EndGlobalSection
EndGlobal
